
Microsoft Visual Studio Solution File, Format Version 12.00
# Visual Studio 15
VisualStudioVersion = 15.0.27703.2042
MinimumVisualStudioVersion = 10.0.40219.1
Project("{FAE04EC0-301F-11D3-BF4B-00C04F79EFBC}") = "DLoaS", "DLoaS\DLoaS.csproj", "{F434495D-3BF4-4B76-AF24-C82CE01E26E7}"
EndProject
Global
	GlobalSection(SolutionConfigurationPlatforms) = preSolution
		Debug|Any CPU = Debug|Any CPU
		Release|Any CPU = Release|Any CPU
	EndGlobalSection
	GlobalSection(ProjectConfigurationPlatforms) = postSolution
		{F434495D-3BF4-4B76-AF24-C82CE01E26E7}.Debug|Any CPU.ActiveCfg = Debug|Any CPU
		{F434495D-3BF4-4B76-AF24-C82CE01E26E7}.Debug|Any CPU.Build.0 = Debug|Any CPU
		{F434495D-3BF4-4B76-AF24-C82CE01E26E7}.Release|Any CPU.ActiveCfg = Release|Any CPU
		{F434495D-3BF4-4B76-AF24-C82CE01E26E7}.Release|Any CPU.Build.0 = Release|Any CPU
	EndGlobalSection
	GlobalSection(SolutionProperties) = preSolution
		HideSolutionNode = FALSE
	EndGlobalSection
	GlobalSection(ExtensibilityGlobals) = postSolution
		SolutionGuid = {2D346BC7-9AF2-45DF-8E59-AEA3ABF9F3C1}
	EndGlobalSection
EndGlobal
